
Microsoft Visual Studio Solution File, Format Version 12.00
# Visual Studio Version 17
VisualStudioVersion = 17.2.32616.157
MinimumVisualStudioVersion = 10.0.40219.1
Project("{FAE04EC0-301F-11D3-BF4B-00C04F79EFBC}") = "VideoStore", "VideoStore\VideoStore.csproj", "{8B7AEFF2-2512-4983-BA4E-706B0C802CBD}"
EndProject
Global
	GlobalSection(SolutionConfigurationPlatforms) = preSolution
		Debug|Any CPU = Debug|Any CPU
		Release|Any CPU = Release|Any CPU
	EndGlobalSection
	GlobalSection(ProjectConfigurationPlatforms) = postSolution
		{8B7AEFF2-2512-4983-BA4E-706B0C802CBD}.Debug|Any CPU.ActiveCfg = Debug|Any CPU
		{8B7AEFF2-2512-4983-BA4E-706B0C802CBD}.Debug|Any CPU.Build.0 = Debug|Any CPU
		{8B7AEFF2-2512-4983-BA4E-706B0C802CBD}.Release|Any CPU.ActiveCfg = Release|Any CPU
		{8B7AEFF2-2512-4983-BA4E-706B0C802CBD}.Release|Any CPU.Build.0 = Release|Any CPU
	EndGlobalSection
	GlobalSection(SolutionProperties) = preSolution
		HideSolutionNode = FALSE
	EndGlobalSection
	GlobalSection(ExtensibilityGlobals) = postSolution
		SolutionGuid = {638C8FF8-9F8D-40BC-B8F3-840F6831732D}
	EndGlobalSection
EndGlobal
